
Microsoft Visual Studio Solution File, Format Version 12.00
# Visual Studio Version 17
VisualStudioVersion = 17.9.34723.18
MinimumVisualStudioVersion = 10.0.40219.1
Project("{9A19103F-16F7-4668-BE54-9A1E7A4F7556}") = "DVD_System", "DVD_System.csproj", "{FA027B2B-6DC2-4809-A71A-0C97871E4891}"
EndProject
Global
	GlobalSection(SolutionConfigurationPlatforms) = preSolution
		Debug|Any CPU = Debug|Any CPU
		Release|Any CPU = Release|Any CPU
	EndGlobalSection
	GlobalSection(ProjectConfigurationPlatforms) = postSolution
		{FA027B2B-6DC2-4809-A71A-0C97871E4891}.Debug|Any CPU.ActiveCfg = Debug|Any CPU
		{FA027B2B-6DC2-4809-A71A-0C97871E4891}.Debug|Any CPU.Build.0 = Debug|Any CPU
		{FA027B2B-6DC2-4809-A71A-0C97871E4891}.Release|Any CPU.ActiveCfg = Release|Any CPU
		{FA027B2B-6DC2-4809-A71A-0C97871E4891}.Release|Any CPU.Build.0 = Release|Any CPU
	EndGlobalSection
	GlobalSection(SolutionProperties) = preSolution
		HideSolutionNode = FALSE
	EndGlobalSection
	GlobalSection(ExtensibilityGlobals) = postSolution
		SolutionGuid = {01A76B21-05FE-4789-A439-0D2E18FFE0AD}
	EndGlobalSection
EndGlobal
